
Microsoft Visual Studio Solution File, Format Version 12.00
# Visual Studio Version 16
VisualStudioVersion = 16.0.30002.166
MinimumVisualStudioVersion = 10.0.40219.1
Project("{9A19103F-16F7-4668-BE54-9A1E7A4F7556}") = "ODA", "ODA\ODA.csproj", "{A5670A18-6239-466E-8C22-A3A3ABFBEAE1}"
EndProject
Project("{9A19103F-16F7-4668-BE54-9A1E7A4F7556}") = "ODA.Client", "ODA.Client\ODA.Client.csproj", "{76B6C082-0D74-4116-BD85-6F983C7431E5}"
EndProject
Project("{FAE04EC0-301F-11D3-BF4B-00C04F79EFBC}") = "ODA.Entity", "ODA.Entity\ODA.Entity.csproj", "{043AB226-982E-45EA-BAA2-41E17AF708A5}"
EndProject
Project("{9A19103F-16F7-4668-BE54-9A1E7A4F7556}") = "ODA.Server", "ODA.Server\ODA.Server.csproj", "{DDCC5AEC-0605-43E4-BA07-7A9FF13F78CB}"
EndProject
Global
	GlobalSection(SolutionConfigurationPlatforms) = preSolution
		Debug|Any CPU = Debug|Any CPU
		Release|Any CPU = Release|Any CPU
	EndGlobalSection
	GlobalSection(ProjectConfigurationPlatforms) = postSolution
		{A5670A18-6239-466E-8C22-A3A3ABFBEAE1}.Debug|Any CPU.ActiveCfg = Debug|Any CPU
		{A5670A18-6239-466E-8C22-A3A3ABFBEAE1}.Debug|Any CPU.Build.0 = Debug|Any CPU
		{A5670A18-6239-466E-8C22-A3A3ABFBEAE1}.Release|Any CPU.ActiveCfg = Release|Any CPU
		{A5670A18-6239-466E-8C22-A3A3ABFBEAE1}.Release|Any CPU.Build.0 = Release|Any CPU
		{76B6C082-0D74-4116-BD85-6F983C7431E5}.Debug|Any CPU.ActiveCfg = Debug|Any CPU
		{76B6C082-0D74-4116-BD85-6F983C7431E5}.Debug|Any CPU.Build.0 = Debug|Any CPU
		{76B6C082-0D74-4116-BD85-6F983C7431E5}.Release|Any CPU.ActiveCfg = Release|Any CPU
		{76B6C082-0D74-4116-BD85-6F983C7431E5}.Release|Any CPU.Build.0 = Release|Any CPU
		{043AB226-982E-45EA-BAA2-41E17AF708A5}.Debug|Any CPU.ActiveCfg = Debug|Any CPU
		{043AB226-982E-45EA-BAA2-41E17AF708A5}.Debug|Any CPU.Build.0 = Debug|Any CPU
		{043AB226-982E-45EA-BAA2-41E17AF708A5}.Release|Any CPU.ActiveCfg = Release|Any CPU
		{043AB226-982E-45EA-BAA2-41E17AF708A5}.Release|Any CPU.Build.0 = Release|Any CPU
		{DDCC5AEC-0605-43E4-BA07-7A9FF13F78CB}.Debug|Any CPU.ActiveCfg = Debug|Any CPU
		{DDCC5AEC-0605-43E4-BA07-7A9FF13F78CB}.Debug|Any CPU.Build.0 = Debug|Any CPU
		{DDCC5AEC-0605-43E4-BA07-7A9FF13F78CB}.Release|Any CPU.ActiveCfg = Release|Any CPU
		{DDCC5AEC-0605-43E4-BA07-7A9FF13F78CB}.Release|Any CPU.Build.0 = Release|Any CPU
	EndGlobalSection
	GlobalSection(SolutionProperties) = preSolution
		HideSolutionNode = FALSE
	EndGlobalSection
	GlobalSection(ExtensibilityGlobals) = postSolution
		SolutionGuid = {44686238-47A0-4EE4-9680-FCAC978D820F}
	EndGlobalSection
EndGlobal
